
Microsoft Visual Studio Solution File, Format Version 12.00
# Visual Studio Version 17
VisualStudioVersion = 17.0.31903.59
MinimumVisualStudioVersion = 10.0.40219.1
Project("{FAE04EC0-301F-11D3-BF4B-00C04F79EFBC}") = "js2c.generator", "generator\js2c.generator.csproj", "{8979FCDA-F437-45E8-A12D-F3E7B8ABC9B6}"
EndProject
Project("{FAE04EC0-301F-11D3-BF4B-00C04F79EFBC}") = "js2c.tests", "tests\js2c.tests.csproj", "{3D0ACB8E-023C-41C5-B361-EA6C3E72EF39}"
EndProject
Global
	GlobalSection(SolutionConfigurationPlatforms) = preSolution
		Debug|Any CPU = Debug|Any CPU
		Release|Any CPU = Release|Any CPU
	EndGlobalSection
	GlobalSection(SolutionProperties) = preSolution
		HideSolutionNode = FALSE
	EndGlobalSection
	GlobalSection(ProjectConfigurationPlatforms) = postSolution
		{8979FCDA-F437-45E8-A12D-F3E7B8ABC9B6}.Debug|Any CPU.ActiveCfg = Debug|Any CPU
		{8979FCDA-F437-45E8-A12D-F3E7B8ABC9B6}.Debug|Any CPU.Build.0 = Debug|Any CPU
		{8979FCDA-F437-45E8-A12D-F3E7B8ABC9B6}.Release|Any CPU.ActiveCfg = Release|Any CPU
		{8979FCDA-F437-45E8-A12D-F3E7B8ABC9B6}.Release|Any CPU.Build.0 = Release|Any CPU
		{3D0ACB8E-023C-41C5-B361-EA6C3E72EF39}.Debug|Any CPU.ActiveCfg = Debug|Any CPU
		{3D0ACB8E-023C-41C5-B361-EA6C3E72EF39}.Debug|Any CPU.Build.0 = Debug|Any CPU
		{3D0ACB8E-023C-41C5-B361-EA6C3E72EF39}.Release|Any CPU.ActiveCfg = Release|Any CPU
		{3D0ACB8E-023C-41C5-B361-EA6C3E72EF39}.Release|Any CPU.Build.0 = Release|Any CPU
	EndGlobalSection
EndGlobal
